
Microsoft Visual Studio Solution File, Format Version 12.00
# Visual Studio Version 17
VisualStudioVersion = 17.5.33516.290
MinimumVisualStudioVersion = 10.0.40219.1
Project("{9A19103F-16F7-4668-BE54-9A1E7A4F7556}") = "INFORCE .NET TASK.Api", "INFORCE .NET TASK\INFORCE .NET TASK.Api.csproj", "{77E13A7F-36B3-498A-B2EC-8621AD5EC0ED}"
EndProject
Project("{9A19103F-16F7-4668-BE54-9A1E7A4F7556}") = "INFORCE .NET TASK.Services", "INFORCE .NET TASK.Services\INFORCE .NET TASK.Services.csproj", "{84BDDDB9-3939-455C-8478-C962C441BF1C}"
EndProject
Project("{9A19103F-16F7-4668-BE54-9A1E7A4F7556}") = "INFORCE .NET TASK.DataDomain", "INFORCE .NET TASK.DataDomain\INFORCE .NET TASK.DataDomain.csproj", "{9C841433-7912-40C0-8DED-024AB796F33A}"
EndProject
Project("{FAE04EC0-301F-11D3-BF4B-00C04F79EFBC}") = "INFORCE .NET TASK.Tests", "INFORCE .NET TASK.Tests\INFORCE .NET TASK.Tests.csproj", "{6226E9A7-D63D-4C53-AEF6-119E768157E8}"
EndProject
Global
	GlobalSection(SolutionConfigurationPlatforms) = preSolution
		Debug|Any CPU = Debug|Any CPU
		Release|Any CPU = Release|Any CPU
	EndGlobalSection
	GlobalSection(ProjectConfigurationPlatforms) = postSolution
		{77E13A7F-36B3-498A-B2EC-8621AD5EC0ED}.Debug|Any CPU.ActiveCfg = Debug|Any CPU
		{77E13A7F-36B3-498A-B2EC-8621AD5EC0ED}.Debug|Any CPU.Build.0 = Debug|Any CPU
		{77E13A7F-36B3-498A-B2EC-8621AD5EC0ED}.Release|Any CPU.ActiveCfg = Release|Any CPU
		{77E13A7F-36B3-498A-B2EC-8621AD5EC0ED}.Release|Any CPU.Build.0 = Release|Any CPU
		{84BDDDB9-3939-455C-8478-C962C441BF1C}.Debug|Any CPU.ActiveCfg = Debug|Any CPU
		{84BDDDB9-3939-455C-8478-C962C441BF1C}.Debug|Any CPU.Build.0 = Debug|Any CPU
		{84BDDDB9-3939-455C-8478-C962C441BF1C}.Release|Any CPU.ActiveCfg = Release|Any CPU
		{84BDDDB9-3939-455C-8478-C962C441BF1C}.Release|Any CPU.Build.0 = Release|Any CPU
		{9C841433-7912-40C0-8DED-024AB796F33A}.Debug|Any CPU.ActiveCfg = Debug|Any CPU
		{9C841433-7912-40C0-8DED-024AB796F33A}.Debug|Any CPU.Build.0 = Debug|Any CPU
		{9C841433-7912-40C0-8DED-024AB796F33A}.Release|Any CPU.ActiveCfg = Release|Any CPU
		{9C841433-7912-40C0-8DED-024AB796F33A}.Release|Any CPU.Build.0 = Release|Any CPU
		{6226E9A7-D63D-4C53-AEF6-119E768157E8}.Debug|Any CPU.ActiveCfg = Debug|Any CPU
		{6226E9A7-D63D-4C53-AEF6-119E768157E8}.Debug|Any CPU.Build.0 = Debug|Any CPU
		{6226E9A7-D63D-4C53-AEF6-119E768157E8}.Release|Any CPU.ActiveCfg = Release|Any CPU
		{6226E9A7-D63D-4C53-AEF6-119E768157E8}.Release|Any CPU.Build.0 = Release|Any CPU
	EndGlobalSection
	GlobalSection(SolutionProperties) = preSolution
		HideSolutionNode = FALSE
	EndGlobalSection
	GlobalSection(ExtensibilityGlobals) = postSolution
		SolutionGuid = {FC43E055-FF89-483C-AFBF-CDEB0A4033FD}
	EndGlobalSection
EndGlobal
